// !$*UTF8*$!
{
	archiveVersion = 1;
	classes = {
	};
	objectVersion = 50;
	objects = {

/* Begin PBXBuildFile section */
		36A39B7421CBDF2700AF5C15 /* AppDelegate.swift in Sources */ = {isa = PBXBuildFile; fileRef = 36A39B7321CBDF2700AF5C15 /* AppDelegate.swift */; };
		36A39B7621CBDF2700AF5C15 /* StartViewController.swift in Sources */ = {isa = PBXBuildFile; fileRef = 36A39B7521CBDF2700AF5C15 /* StartViewController.swift */; };
		36A39B7B21CBDF2900AF5C15 /* Assets.xcassets in Resources */ = {isa = PBXBuildFile; fileRef = 36A39B7A21CBDF2900AF5C15 /* Assets.xcassets */; };
		36A39B7E21CBDF2900AF5C15 /* LaunchScreen.storyboard in Resources */ = {isa = PBXBuildFile; fileRef = 36A39B7C21CBDF2900AF5C15 /* LaunchScreen.storyboard */; };
		36A39B8621CBDF5B00AF5C15 /* GoogleService-Info.plist in Resources */ = {isa = PBXBuildFile; fileRef = 36A39B8521CBDF5B00AF5C15 /* GoogleService-Info.plist */; };
		36A39B8E21CBE55800AF5C15 /* LoginViewController.swift in Sources */ = {isa = PBXBuildFile; fileRef = 36A39B8D21CBE55800AF5C15 /* LoginViewController.swift */; };
		36A39B9021CBE57B00AF5C15 /* SignupViewController.swift in Sources */ = {isa = PBXBuildFile; fileRef = 36A39B8F21CBE57B00AF5C15 /* SignupViewController.swift */; };
		36A39B9921CBE76300AF5C15 /* Main.storyboard in Resources */ = {isa = PBXBuildFile; fileRef = 36A39B9721CBE76300AF5C15 /* Main.storyboard */; };
		36BD9BDC21D119A30033542D /* AddAvgSpeedCheckViewController.swift in Sources */ = {isa = PBXBuildFile; fileRef = 36BD9BDB21D119A30033542D /* AddAvgSpeedCheckViewController.swift */; };
		36BD9BDE21D119E80033542D /* AddPoliceCheckViewController.swift in Sources */ = {isa = PBXBuildFile; fileRef = 36BD9BDD21D119E80033542D /* AddPoliceCheckViewController.swift */; };
		36BD9BE021D146E40033542D /* Item.swift in Sources */ = {isa = PBXBuildFile; fileRef = 36BD9BDF21D146E40033542D /* Item.swift */; };
		36D9641C21D0391C004CC1A2 /* SettingsTableViewController.swift in Sources */ = {isa = PBXBuildFile; fileRef = 36D9641B21D0391C004CC1A2 /* SettingsTableViewController.swift */; };
		36D9641E21D04D54004CC1A2 /* AddSpeedCameraViewController.swift in Sources */ = {isa = PBXBuildFile; fileRef = 36D9641D21D04D54004CC1A2 /* AddSpeedCameraViewController.swift */; };
		36D9642621D052BD004CC1A2 /* SpeedCamera.swift in Sources */ = {isa = PBXBuildFile; fileRef = 36D9642521D052BD004CC1A2 /* SpeedCamera.swift */; };
		36D9642A21D06371004CC1A2 /* AvgSpeedCheck.swift in Sources */ = {isa = PBXBuildFile; fileRef = 36D9642921D06371004CC1A2 /* AvgSpeedCheck.swift */; };
		36D9642C21D06406004CC1A2 /* PoliceCheck.swift in Sources */ = {isa = PBXBuildFile; fileRef = 36D9642B21D06406004CC1A2 /* PoliceCheck.swift */; };
		BA5D196BC3A911C8BA19BA18 /* Pods_Flits.framework in Frameworks */ = {isa = PBXBuildFile; fileRef = 6AB7AC9457CC8DA2AD9C31CA /* Pods_Flits.framework */; };
/* End PBXBuildFile section */

/* Begin PBXFileReference section */
		36A39B7021CBDF2700AF5C15 /* Flits.app */ = {isa = PBXFileReference; explicitFileType = wrapper.application; includeInIndex = 0; path = Flits.app; sourceTree = BUILT_PRODUCTS_DIR; };
		36A39B7321CBDF2700AF5C15 /* AppDelegate.swift */ = {isa = PBXFileReference; lastKnownFileType = sourcecode.swift; path = AppDelegate.swift; sourceTree = "<group>"; };
		36A39B7521CBDF2700AF5C15 /* StartViewController.swift */ = {isa = PBXFileReference; lastKnownFileType = sourcecode.swift; path = StartViewController.swift; sourceTree = "<group>"; };
		36A39B7A21CBDF2900AF5C15 /* Assets.xcassets */ = {isa = PBXFileReference; lastKnownFileType = folder.assetcatalog; path = Assets.xcassets; sourceTree = "<group>"; };
		36A39B7D21CBDF2900AF5C15 /* Base */ = {isa = PBXFileReference; lastKnownFileType = file.storyboard; name = Base; path = Base.lproj/LaunchScreen.storyboard; sourceTree = "<group>"; };
		36A39B7F21CBDF2900AF5C15 /* Info.plist */ = {isa = PBXFileReference; lastKnownFileType = text.plist.xml; path = Info.plist; sourceTree = "<group>"; };
		36A39B8521CBDF5B00AF5C15 /* GoogleService-Info.plist */ = {isa = PBXFileReference; fileEncoding = 4; lastKnownFileType = text.plist.xml; path = "GoogleService-Info.plist"; sourceTree = "<group>"; };
		36A39B8D21CBE55800AF5C15 /* LoginViewController.swift */ = {isa = PBXFileReference; lastKnownFileType = sourcecode.swift; path = LoginViewController.swift; sourceTree = "<group>"; };
		36A39B8F21CBE57B00AF5C15 /* SignupViewController.swift */ = {isa = PBXFileReference; lastKnownFileType = sourcecode.swift; path = SignupViewController.swift; sourceTree = "<group>"; };
		36A39B9821CBE76300AF5C15 /* Base */ = {isa = PBXFileReference; lastKnownFileType = file.storyboard; name = Base; path = Base.lproj/Main.storyboard; sourceTree = "<group>"; };
		36A39B9E21CFCD5D00AF5C15 /* nl-BE */ = {isa = PBXFileReference; lastKnownFileType = text.plist.strings; name = "nl-BE"; path = "nl-BE.lproj/LaunchScreen.strings"; sourceTree = "<group>"; };
		36A39B9F21CFCD5F00AF5C15 /* nl-BE */ = {isa = PBXFileReference; lastKnownFileType = text.plist.strings; name = "nl-BE"; path = "nl-BE.lproj/Main.strings"; sourceTree = "<group>"; };
		36BD9BDB21D119A30033542D /* AddAvgSpeedCheckViewController.swift */ = {isa = PBXFileReference; lastKnownFileType = sourcecode.swift; path = AddAvgSpeedCheckViewController.swift; sourceTree = "<group>"; };
		36BD9BDD21D119E80033542D /* AddPoliceCheckViewController.swift */ = {isa = PBXFileReference; lastKnownFileType = sourcecode.swift; path = AddPoliceCheckViewController.swift; sourceTree = "<group>"; };
		36BD9BDF21D146E40033542D /* Item.swift */ = {isa = PBXFileReference; lastKnownFileType = sourcecode.swift; path = Item.swift; sourceTree = "<group>"; };
		36D9641B21D0391C004CC1A2 /* SettingsTableViewController.swift */ = {isa = PBXFileReference; lastKnownFileType = sourcecode.swift; path = SettingsTableViewController.swift; sourceTree = "<group>"; };
		36D9641D21D04D54004CC1A2 /* AddSpeedCameraViewController.swift */ = {isa = PBXFileReference; lastKnownFileType = sourcecode.swift; path = AddSpeedCameraViewController.swift; sourceTree = "<group>"; };
		36D9642521D052BD004CC1A2 /* SpeedCamera.swift */ = {isa = PBXFileReference; lastKnownFileType = sourcecode.swift; path = SpeedCamera.swift; sourceTree = "<group>"; };
		36D9642921D06371004CC1A2 /* AvgSpeedCheck.swift */ = {isa = PBXFileReference; lastKnownFileType = sourcecode.swift; path = AvgSpeedCheck.swift; sourceTree = "<group>"; };
		36D9642B21D06406004CC1A2 /* PoliceCheck.swift */ = {isa = PBXFileReference; lastKnownFileType = sourcecode.swift; path = PoliceCheck.swift; sourceTree = "<group>"; };
		6AB7AC9457CC8DA2AD9C31CA /* Pods_Flits.framework */ = {isa = PBXFileReference; explicitFileType = wrapper.framework; includeInIndex = 0; path = Pods_Flits.framework; sourceTree = BUILT_PRODUCTS_DIR; };
		8AA675416D5D9106723F2E5D /* Pods-Flits.release.xcconfig */ = {isa = PBXFileReference; includeInIndex = 1; lastKnownFileType = text.xcconfig; name = "Pods-Flits.release.xcconfig"; path = "Pods/Target Support Files/Pods-Flits/Pods-Flits.release.xcconfig"; sourceTree = "<group>"; };
		E33F5E524D261E3284CB3F1A /* Pods-Flits.debug.xcconfig */ = {isa = PBXFileReference; includeInIndex = 1; lastKnownFileType = text.xcconfig; name = "Pods-Flits.debug.xcconfig"; path = "Pods/Target Support Files/Pods-Flits/Pods-Flits.debug.xcconfig"; sourceTree = "<group>"; };
/* End PBXFileReference section */

/* Begin PBXFrameworksBuildPhase section */
		36A39B6D21CBDF2700AF5C15 /* Frameworks */ = {
			isa = PBXFrameworksBuildPhase;
			buildActionMask = 2147483647;
			files = (
				BA5D196BC3A911C8BA19BA18 /* Pods_Flits.framework in Frameworks */,
			);
			runOnlyForDeploymentPostprocessing = 0;
		};
/* End PBXFrameworksBuildPhase section */

/* Begin PBXGroup section */
		0FF39CBD7CC8E272F5EB5CAA /* Frameworks */ = {
			isa = PBXGroup;
			children = (
				6AB7AC9457CC8DA2AD9C31CA /* Pods_Flits.framework */,
			);
			name = Frameworks;
			sourceTree = "<group>";
		};
		36A39B6721CBDF2700AF5C15 = {
			isa = PBXGroup;
			children = (
				36A39B7221CBDF2700AF5C15 /* Flits */,
				36A39B7121CBDF2700AF5C15 /* Products */,
				700B5A7554F1C1CCECA1DA1A /* Pods */,
				0FF39CBD7CC8E272F5EB5CAA /* Frameworks */,
			);
			sourceTree = "<group>";
		};
		36A39B7121CBDF2700AF5C15 /* Products */ = {
			isa = PBXGroup;
			children = (
				36A39B7021CBDF2700AF5C15 /* Flits.app */,
			);
			name = Products;
			sourceTree = "<group>";
		};
		36A39B7221CBDF2700AF5C15 /* Flits */ = {
			isa = PBXGroup;
			children = (
				36D9642421D052A5004CC1A2 /* Models */,
				36D9642321D05292004CC1A2 /* Views */,
				36D9641F21D0512D004CC1A2 /* Controllers */,
				36A39B7321CBDF2700AF5C15 /* AppDelegate.swift */,
				36A39B7A21CBDF2900AF5C15 /* Assets.xcassets */,
				36A39B7F21CBDF2900AF5C15 /* Info.plist */,
				36A39B8521CBDF5B00AF5C15 /* GoogleService-Info.plist */,
			);
			path = Flits;
			sourceTree = "<group>";
		};
		36D9641F21D0512D004CC1A2 /* Controllers */ = {
			isa = PBXGroup;
			children = (
				36A39B7521CBDF2700AF5C15 /* StartViewController.swift */,
				36D9641D21D04D54004CC1A2 /* AddSpeedCameraViewController.swift */,
				36A39B8D21CBE55800AF5C15 /* LoginViewController.swift */,
				36A39B8F21CBE57B00AF5C15 /* SignupViewController.swift */,
				36D9641B21D0391C004CC1A2 /* SettingsTableViewController.swift */,
				36BD9BDB21D119A30033542D /* AddAvgSpeedCheckViewController.swift */,
				36BD9BDD21D119E80033542D /* AddPoliceCheckViewController.swift */,
			);
			path = Controllers;
			sourceTree = "<group>";
		};
		36D9642321D05292004CC1A2 /* Views */ = {
			isa = PBXGroup;
			children = (
				36A39B7C21CBDF2900AF5C15 /* LaunchScreen.storyboard */,
				36A39B9721CBE76300AF5C15 /* Main.storyboard */,
			);
			path = Views;
			sourceTree = "<group>";
		};
		36D9642421D052A5004CC1A2 /* Models */ = {
			isa = PBXGroup;
			children = (
				36D9642521D052BD004CC1A2 /* SpeedCamera.swift */,
				36D9642921D06371004CC1A2 /* AvgSpeedCheck.swift */,
				36D9642B21D06406004CC1A2 /* PoliceCheck.swift */,
				36BD9BDF21D146E40033542D /* Item.swift */,
			);
			path = Models;
			sourceTree = "<group>";
		};
		700B5A7554F1C1CCECA1DA1A /* Pods */ = {
			isa = PBXGroup;
			children = (
				E33F5E524D261E3284CB3F1A /* Pods-Flits.debug.xcconfig */,
				8AA675416D5D9106723F2E5D /* Pods-Flits.release.xcconfig */,
			);
			name = Pods;
			sourceTree = "<group>";
		};
/* End PBXGroup section */

/* Begin PBXNativeTarget section */
		36A39B6F21CBDF2700AF5C15 /* Flits */ = {
			isa = PBXNativeTarget;
			buildConfigurationList = 36A39B8221CBDF2900AF5C15 /* Build configuration list for PBXNativeTarget "Flits" */;
			buildPhases = (
				54D857C0BFECF81C43254756 /* [CP] Check Pods Manifest.lock */,
				36A39B6C21CBDF2700AF5C15 /* Sources */,
				36A39B6D21CBDF2700AF5C15 /* Frameworks */,
				36A39B6E21CBDF2700AF5C15 /* Resources */,
				569341FFA4097B44C82B95C3 /* [CP] Embed Pods Frameworks */,
				F4CA48A8289329F68DB792F7 /* [CP] Copy Pods Resources */,
			);
			buildRules = (
			);
			dependencies = (
			);
			name = Flits;
			productName = Flits;
			productReference = 36A39B7021CBDF2700AF5C15 /* Flits.app */;
			productType = "com.apple.product-type.application";
		};
/* End PBXNativeTarget section */

/* Begin PBXProject section */
		36A39B6821CBDF2700AF5C15 /* Project object */ = {
			isa = PBXProject;
			attributes = {
				LastSwiftUpdateCheck = 1010;
				LastUpgradeCheck = 1010;
				ORGANIZATIONNAME = "Jakob Lierman";
				TargetAttributes = {
					36A39B6F21CBDF2700AF5C15 = {
						CreatedOnToolsVersion = 10.1;
					};
				};
			};
			buildConfigurationList = 36A39B6B21CBDF2700AF5C15 /* Build configuration list for PBXProject "Flits" */;
			compatibilityVersion = "Xcode 9.3";
			developmentRegion = en;
			hasScannedForEncodings = 0;
			knownRegions = (
				Base,
			);
			mainGroup = 36A39B6721CBDF2700AF5C15;
			productRefGroup = 36A39B7121CBDF2700AF5C15 /* Products */;
			projectDirPath = "";
			projectRoot = "";
			targets = (
				36A39B6F21CBDF2700AF5C15 /* Flits */,
			);
		};
/* End PBXProject section */

/* Begin PBXResourcesBuildPhase section */
		36A39B6E21CBDF2700AF5C15 /* Resources */ = {
			isa = PBXResourcesBuildPhase;
			buildActionMask = 2147483647;
			files = (
				36A39B7E21CBDF2900AF5C15 /* LaunchScreen.storyboard in Resources */,
				36A39B8621CBDF5B00AF5C15 /* GoogleService-Info.plist in Resources */,
				36A39B7B21CBDF2900AF5C15 /* Assets.xcassets in Resources */,
				36A39B9921CBE76300AF5C15 /* Main.storyboard in Resources */,
			);
			runOnlyForDeploymentPostprocessing = 0;
		};
/* End PBXResourcesBuildPhase section */

/* Begin PBXShellScriptBuildPhase section */
		54D857C0BFECF81C43254756 /* [CP] Check Pods Manifest.lock */ = {
			isa = PBXShellScriptBuildPhase;
			buildActionMask = 2147483647;
			files = (
			);
			inputFileListPaths = (
			);
			inputPaths = (
				"${PODS_PODFILE_DIR_PATH}/Podfile.lock",
				"${PODS_ROOT}/Manifest.lock",
			);
			name = "[CP] Check Pods Manifest.lock";
			outputFileListPaths = (
			);
			outputPaths = (
				"$(DERIVED_FILE_DIR)/Pods-Flits-checkManifestLockResult.txt",
			);
			runOnlyForDeploymentPostprocessing = 0;
			shellPath = /bin/sh;
			shellScript = "diff \"${PODS_PODFILE_DIR_PATH}/Podfile.lock\" \"${PODS_ROOT}/Manifest.lock\" > /dev/null\nif [ $? != 0 ] ; then\n    # print error to STDERR\n    echo \"error: The sandbox is not in sync with the Podfile.lock. Run 'pod install' or update your CocoaPods installation.\" >&2\n    exit 1\nfi\n# This output is used by Xcode 'outputs' to avoid re-running this script phase.\necho \"SUCCESS\" > \"${SCRIPT_OUTPUT_FILE_0}\"\n";
			showEnvVarsInLog = 0;
		};
		569341FFA4097B44C82B95C3 /* [CP] Embed Pods Frameworks */ = {
			isa = PBXShellScriptBuildPhase;
			buildActionMask = 2147483647;
			files = (
			);
			inputFileListPaths = (
			);
			inputPaths = (
				"${SRCROOT}/Pods/Target Support Files/Pods-Flits/Pods-Flits-frameworks.sh",
				"${BUILT_PRODUCTS_DIR}/BoringSSL/openssl.framework",
				"${BUILT_PRODUCTS_DIR}/GTMSessionFetcher/GTMSessionFetcher.framework",
				"${BUILT_PRODUCTS_DIR}/GoogleUtilities/GoogleUtilities.framework",
				"${BUILT_PRODUCTS_DIR}/ObjectMapper/ObjectMapper.framework",
				"${BUILT_PRODUCTS_DIR}/Protobuf/Protobuf.framework",
				"${BUILT_PRODUCTS_DIR}/gRPC-C++/grpcpp.framework",
				"${BUILT_PRODUCTS_DIR}/gRPC-Core/grpc.framework",
				"${BUILT_PRODUCTS_DIR}/leveldb-library/leveldb.framework",
				"${BUILT_PRODUCTS_DIR}/nanopb/nanopb.framework",
			);
			name = "[CP] Embed Pods Frameworks";
			outputFileListPaths = (
			);
			outputPaths = (
				"${TARGET_BUILD_DIR}/${FRAMEWORKS_FOLDER_PATH}/openssl.framework",
				"${TARGET_BUILD_DIR}/${FRAMEWORKS_FOLDER_PATH}/GTMSessionFetcher.framework",
				"${TARGET_BUILD_DIR}/${FRAMEWORKS_FOLDER_PATH}/GoogleUtilities.framework",
				"${TARGET_BUILD_DIR}/${FRAMEWORKS_FOLDER_PATH}/ObjectMapper.framework",
				"${TARGET_BUILD_DIR}/${FRAMEWORKS_FOLDER_PATH}/Protobuf.framework",
				"${TARGET_BUILD_DIR}/${FRAMEWORKS_FOLDER_PATH}/grpcpp.framework",
				"${TARGET_BUILD_DIR}/${FRAMEWORKS_FOLDER_PATH}/grpc.framework",
				"${TARGET_BUILD_DIR}/${FRAMEWORKS_FOLDER_PATH}/leveldb.framework",
				"${TARGET_BUILD_DIR}/${FRAMEWORKS_FOLDER_PATH}/nanopb.framework",
			);
			runOnlyForDeploymentPostprocessing = 0;
			shellPath = /bin/sh;
			shellScript = "\"${SRCROOT}/Pods/Target Support Files/Pods-Flits/Pods-Flits-frameworks.sh\"\n";
			showEnvVarsInLog = 0;
		};
		F4CA48A8289329F68DB792F7 /* [CP] Copy Pods Resources */ = {
			isa = PBXShellScriptBuildPhase;
			buildActionMask = 2147483647;
			files = (
			);
			inputFileListPaths = (
			);
			inputPaths = (
				"${SRCROOT}/Pods/Target Support Files/Pods-Flits/Pods-Flits-resources.sh",
				"${PODS_CONFIGURATION_BUILD_DIR}/FirebaseFirestore/gRPCCertificates-Firestore.bundle",
			);
			name = "[CP] Copy Pods Resources";
			outputFileListPaths = (
			);
			outputPaths = (
				"${TARGET_BUILD_DIR}/${UNLOCALIZED_RESOURCES_FOLDER_PATH}/gRPCCertificates-Firestore.bundle",
			);
			runOnlyForDeploymentPostprocessing = 0;
			shellPath = /bin/sh;
			shellScript = "\"${SRCROOT}/Pods/Target Support Files/Pods-Flits/Pods-Flits-resources.sh\"\n";
			showEnvVarsInLog = 0;
		};
/* End PBXShellScriptBuildPhase section */

/* Begin PBXSourcesBuildPhase section */
		36A39B6C21CBDF2700AF5C15 /* Sources */ = {
			isa = PBXSourcesBuildPhase;
			buildActionMask = 2147483647;
			files = (
				36A39B8E21CBE55800AF5C15 /* LoginViewController.swift in Sources */,
				36D9641C21D0391C004CC1A2 /* SettingsTableViewController.swift in Sources */,
				36BD9BDE21D119E80033542D /* AddPoliceCheckViewController.swift in Sources */,
				36A39B7621CBDF2700AF5C15 /* StartViewController.swift in Sources */,
				36BD9BE021D146E40033542D /* Item.swift in Sources */,
				36D9642C21D06406004CC1A2 /* PoliceCheck.swift in Sources */,
				36D9642A21D06371004CC1A2 /* AvgSpeedCheck.swift in Sources */,
				36D9642621D052BD004CC1A2 /* SpeedCamera.swift in Sources */,
				36BD9BDC21D119A30033542D /* AddAvgSpeedCheckViewController.swift in Sources */,
				36A39B9021CBE57B00AF5C15 /* SignupViewController.swift in Sources */,
				36A39B7421CBDF2700AF5C15 /* AppDelegate.swift in Sources */,
				36D9641E21D04D54004CC1A2 /* AddSpeedCameraViewController.swift in Sources */,
			);
			runOnlyForDeploymentPostprocessing = 0;
		};
/* End PBXSourcesBuildPhase section */

/* Begin PBXVariantGroup section */
		36A39B7C21CBDF2900AF5C15 /* LaunchScreen.storyboard */ = {
			isa = PBXVariantGroup;
			children = (
				36A39B7D21CBDF2900AF5C15 /* Base */,
				36A39B9E21CFCD5D00AF5C15 /* nl-BE */,
			);
			name = LaunchScreen.storyboard;
			sourceTree = "<group>";
		};
		36A39B9721CBE76300AF5C15 /* Main.storyboard */ = {
			isa = PBXVariantGroup;
			children = (
				36A39B9821CBE76300AF5C15 /* Base */,
				36A39B9F21CFCD5F00AF5C15 /* nl-BE */,
			);
			name = Main.storyboard;
			sourceTree = "<group>";
		};
/* End PBXVariantGroup section */

/* Begin XCBuildConfiguration section */
		36A39B8021CBDF2900AF5C15 /* Debug */ = {
			isa = XCBuildConfiguration;
			buildSettings = {
				ALWAYS_SEARCH_USER_PATHS = NO;
				CLANG_ANALYZER_LOCALIZABILITY_NONLOCALIZED = YES;
				CLANG_ANALYZER_NONNULL = YES;
				CLANG_ANALYZER_NUMBER_OBJECT_CONVERSION = YES_AGGRESSIVE;
				CLANG_CXX_LANGUAGE_STANDARD = "gnu++14";
				CLANG_CXX_LIBRARY = "libc++";
				CLANG_ENABLE_MODULES = YES;
				CLANG_ENABLE_OBJC_ARC = YES;
				CLANG_ENABLE_OBJC_WEAK = YES;
				CLANG_WARN_BLOCK_CAPTURE_AUTORELEASING = YES;
				CLANG_WARN_BOOL_CONVERSION = YES;
				CLANG_WARN_COMMA = YES;
				CLANG_WARN_CONSTANT_CONVERSION = YES;
				CLANG_WARN_DEPRECATED_OBJC_IMPLEMENTATIONS = YES;
				CLANG_WARN_DIRECT_OBJC_ISA_USAGE = YES_ERROR;
				CLANG_WARN_DOCUMENTATION_COMMENTS = YES;
				CLANG_WARN_EMPTY_BODY = YES;
				CLANG_WARN_ENUM_CONVERSION = YES;
				CLANG_WARN_INFINITE_RECURSION = YES;
				CLANG_WARN_INT_CONVERSION = YES;
				CLANG_WARN_NON_LITERAL_NULL_CONVERSION = YES;
				CLANG_WARN_OBJC_IMPLICIT_RETAIN_SELF = YES;
				CLANG_WARN_OBJC_LITERAL_CONVERSION = YES;
				CLANG_WARN_OBJC_ROOT_CLASS = YES_ERROR;
				CLANG_WARN_RANGE_LOOP_ANALYSIS = YES;
				CLANG_WARN_STRICT_PROTOTYPES = YES;
				CLANG_WARN_SUSPICIOUS_MOVE = YES;
				CLANG_WARN_UNGUARDED_AVAILABILITY = YES_AGGRESSIVE;
				CLANG_WARN_UNREACHABLE_CODE = YES;
				CLANG_WARN__DUPLICATE_METHOD_MATCH = YES;
				CODE_SIGN_IDENTITY = "iPhone Developer";
				COPY_PHASE_STRIP = NO;
				DEBUG_INFORMATION_FORMAT = dwarf;
				ENABLE_STRICT_OBJC_MSGSEND = YES;
				ENABLE_TESTABILITY = YES;
				GCC_C_LANGUAGE_STANDARD = gnu11;
				GCC_DYNAMIC_NO_PIC = NO;
				GCC_NO_COMMON_BLOCKS = YES;
				GCC_OPTIMIZATION_LEVEL = 0;
				GCC_PREPROCESSOR_DEFINITIONS = (
					"DEBUG=1",
					"$(inherited)",
				);
				GCC_WARN_64_TO_32_BIT_CONVERSION = YES;
				GCC_WARN_ABOUT_RETURN_TYPE = YES_ERROR;
				GCC_WARN_UNDECLARED_SELECTOR = YES;
				GCC_WARN_UNINITIALIZED_AUTOS = YES_AGGRESSIVE;
				GCC_WARN_UNUSED_FUNCTION = YES;
				GCC_WARN_UNUSED_VARIABLE = YES;
				IPHONEOS_DEPLOYMENT_TARGET = 12.1;
				MTL_ENABLE_DEBUG_INFO = INCLUDE_SOURCE;
				MTL_FAST_MATH = YES;
				ONLY_ACTIVE_ARCH = YES;
				SDKROOT = iphoneos;
				SWIFT_ACTIVE_COMPILATION_CONDITIONS = DEBUG;
				SWIFT_OPTIMIZATION_LEVEL = "-Onone";
			};
			name = Debug;
		};
		36A39B8121CBDF2900AF5C15 /* Release */ = {
			isa = XCBuildConfiguration;
			buildSettings = {
				ALWAYS_SEARCH_USER_PATHS = NO;
				CLANG_ANALYZER_LOCALIZABILITY_NONLOCALIZED = YES;
				CLANG_ANALYZER_NONNULL = YES;
				CLANG_ANALYZER_NUMBER_OBJECT_CONVERSION = YES_AGGRESSIVE;
				CLANG_CXX_LANGUAGE_STANDARD = "gnu++14";
				CLANG_CXX_LIBRARY = "libc++";
				CLANG_ENABLE_MODULES = YES;
				CLANG_ENABLE_OBJC_ARC = YES;
				CLANG_ENABLE_OBJC_WEAK = YES;
				CLANG_WARN_BLOCK_CAPTURE_AUTORELEASING = YES;
				CLANG_WARN_BOOL_CONVERSION = YES;
				CLANG_WARN_COMMA = YES;
				CLANG_WARN_CONSTANT_CONVERSION = YES;
				CLANG_WARN_DEPRECATED_OBJC_IMPLEMENTATIONS = YES;
				CLANG_WARN_DIRECT_OBJC_ISA_USAGE = YES_ERROR;
				CLANG_WARN_DOCUMENTATION_COMMENTS = YES;
				CLANG_WARN_EMPTY_BODY = YES;
				CLANG_WARN_ENUM_CONVERSION = YES;
				CLANG_WARN_INFINITE_RECURSION = YES;
				CLANG_WARN_INT_CONVERSION = YES;
				CLANG_WARN_NON_LITERAL_NULL_CONVERSION = YES;
				CLANG_WARN_OBJC_IMPLICIT_RETAIN_SELF = YES;
				CLANG_WARN_OBJC_LITERAL_CONVERSION = YES;
				CLANG_WARN_OBJC_ROOT_CLASS = YES_ERROR;
				CLANG_WARN_RANGE_LOOP_ANALYSIS = YES;
				CLANG_WARN_STRICT_PROTOTYPES = YES;
				CLANG_WARN_SUSPICIOUS_MOVE = YES;
				CLANG_WARN_UNGUARDED_AVAILABILITY = YES_AGGRESSIVE;
				CLANG_WARN_UNREACHABLE_CODE = YES;
				CLANG_WARN__DUPLICATE_METHOD_MATCH = YES;
				CODE_SIGN_IDENTITY = "iPhone Developer";
				COPY_PHASE_STRIP = NO;
				DEBUG_INFORMATION_FORMAT = "dwarf-with-dsym";
				ENABLE_NS_ASSERTIONS = NO;
				ENABLE_STRICT_OBJC_MSGSEND = YES;
				GCC_C_LANGUAGE_STANDARD = gnu11;
				GCC_NO_COMMON_BLOCKS = YES;
				GCC_WARN_64_TO_32_BIT_CONVERSION = YES;
				GCC_WARN_ABOUT_RETURN_TYPE = YES_ERROR;
				GCC_WARN_UNDECLARED_SELECTOR = YES;
				GCC_WARN_UNINITIALIZED_AUTOS = YES_AGGRESSIVE;
				GCC_WARN_UNUSED_FUNCTION = YES;
				GCC_WARN_UNUSED_VARIABLE = YES;
				IPHONEOS_DEPLOYMENT_TARGET = 12.1;
				MTL_ENABLE_DEBUG_INFO = NO;
				MTL_FAST_MATH = YES;
				SDKROOT = iphoneos;
				SWIFT_COMPILATION_MODE = wholemodule;
				SWIFT_OPTIMIZATION_LEVEL = "-O";
				VALIDATE_PRODUCT = YES;
			};
			name = Release;
		};
		36A39B8321CBDF2900AF5C15 /* Debug */ = {
			isa = XCBuildConfiguration;
			baseConfigurationReference = E33F5E524D261E3284CB3F1A /* Pods-Flits.debug.xcconfig */;
			buildSettings = {
				ASSETCATALOG_COMPILER_APPICON_NAME = AppIcon;
				CODE_SIGN_STYLE = Automatic;
				DEVELOPMENT_TEAM = FP4N86Q9NT;
				INFOPLIST_FILE = Flits/Info.plist;
				LD_RUNPATH_SEARCH_PATHS = (
					"$(inherited)",
					"@executable_path/Frameworks",
				);
				PRODUCT_BUNDLE_IDENTIFIER = be.jakoblierman.Flits;
				PRODUCT_NAME = "$(TARGET_NAME)";
				SWIFT_VERSION = 4.2;
				TARGETED_DEVICE_FAMILY = "1,2";
			};
			name = Debug;
		};
		36A39B8421CBDF2900AF5C15 /* Release */ = {
			isa = XCBuildConfiguration;
			baseConfigurationReference = 8AA675416D5D9106723F2E5D /* Pods-Flits.release.xcconfig */;
			buildSettings = {
				ASSETCATALOG_COMPILER_APPICON_NAME = AppIcon;
				CODE_SIGN_STYLE = Automatic;
				DEVELOPMENT_TEAM = FP4N86Q9NT;
				INFOPLIST_FILE = Flits/Info.plist;
				LD_RUNPATH_SEARCH_PATHS = (
					"$(inherited)",
					"@executable_path/Frameworks",
				);
				PRODUCT_BUNDLE_IDENTIFIER = be.jakoblierman.Flits;
				PRODUCT_NAME = "$(TARGET_NAME)";
				SWIFT_VERSION = 4.2;
				TARGETED_DEVICE_FAMILY = "1,2";
			};
			name = Release;
		};
/* End XCBuildConfiguration section */

/* Begin XCConfigurationList section */
		36A39B6B21CBDF2700AF5C15 /* Build configuration list for PBXProject "Flits" */ = {
			isa = XCConfigurationList;
			buildConfigurations = (
				36A39B8021CBDF2900AF5C15 /* Debug */,
				36A39B8121CBDF2900AF5C15 /* Release */,
			);
			defaultConfigurationIsVisible = 0;
			defaultConfigurationName = Release;
		};
		36A39B8221CBDF2900AF5C15 /* Build configuration list for PBXNativeTarget "Flits" */ = {
			isa = XCConfigurationList;
			buildConfigurations = (
				36A39B8321CBDF2900AF5C15 /* Debug */,
				36A39B8421CBDF2900AF5C15 /* Release */,
			);
			defaultConfigurationIsVisible = 0;
			defaultConfigurationName = Release;
		};
/* End XCConfigurationList section */
	};
	rootObject = 36A39B6821CBDF2700AF5C15 /* Project object */;
}
